
Microsoft Visual Studio Solution File, Format Version 12.00
# Visual Studio Version 17
VisualStudioVersion = 17.9.34723.18
MinimumVisualStudioVersion = 10.0.40219.1
Project("{FAE04EC0-301F-11D3-BF4B-00C04F79EFBC}") = "Interfaz", "Interfaz\Interfaz.csproj", "{A109852E-9359-4A25-AEF9-60BF33B7DC95}"
EndProject
Global
	GlobalSection(SolutionConfigurationPlatforms) = preSolution
		Debug|Any CPU = Debug|Any CPU
		Release|Any CPU = Release|Any CPU
	EndGlobalSection
	GlobalSection(ProjectConfigurationPlatforms) = postSolution
		{A109852E-9359-4A25-AEF9-60BF33B7DC95}.Debug|Any CPU.ActiveCfg = Debug|Any CPU
		{A109852E-9359-4A25-AEF9-60BF33B7DC95}.Debug|Any CPU.Build.0 = Debug|Any CPU
		{A109852E-9359-4A25-AEF9-60BF33B7DC95}.Release|Any CPU.ActiveCfg = Release|Any CPU
		{A109852E-9359-4A25-AEF9-60BF33B7DC95}.Release|Any CPU.Build.0 = Release|Any CPU
	EndGlobalSection
	GlobalSection(SolutionProperties) = preSolution
		HideSolutionNode = FALSE
	EndGlobalSection
	GlobalSection(ExtensibilityGlobals) = postSolution
		SolutionGuid = {110E038A-D649-453C-982C-F81A11ECF20E}
	EndGlobalSection
EndGlobal
