
Microsoft Visual Studio Solution File, Format Version 12.00
# Visual Studio Version 17
VisualStudioVersion = 17.9.34723.18
MinimumVisualStudioVersion = 10.0.40219.1
Project("{FAE04EC0-301F-11D3-BF4B-00C04F79EFBC}") = "Indexadores", "Indexadores\Indexadores.csproj", "{E139952E-629F-4712-A385-1D58458E5EBE}"
EndProject
Global
	GlobalSection(SolutionConfigurationPlatforms) = preSolution
		Debug|Any CPU = Debug|Any CPU
		Release|Any CPU = Release|Any CPU
	EndGlobalSection
	GlobalSection(ProjectConfigurationPlatforms) = postSolution
		{E139952E-629F-4712-A385-1D58458E5EBE}.Debug|Any CPU.ActiveCfg = Debug|Any CPU
		{E139952E-629F-4712-A385-1D58458E5EBE}.Debug|Any CPU.Build.0 = Debug|Any CPU
		{E139952E-629F-4712-A385-1D58458E5EBE}.Release|Any CPU.ActiveCfg = Release|Any CPU
		{E139952E-629F-4712-A385-1D58458E5EBE}.Release|Any CPU.Build.0 = Release|Any CPU
	EndGlobalSection
	GlobalSection(SolutionProperties) = preSolution
		HideSolutionNode = FALSE
	EndGlobalSection
	GlobalSection(ExtensibilityGlobals) = postSolution
		SolutionGuid = {E2EE77BF-3954-48BF-A6EA-17CF83B542CA}
	EndGlobalSection
EndGlobal
