
Microsoft Visual Studio Solution File, Format Version 12.00
# Visual Studio Version 17
VisualStudioVersion = 17.9.34723.18
MinimumVisualStudioVersion = 10.0.40219.1
Project("{FAE04EC0-301F-11D3-BF4B-00C04F79EFBC}") = "Herencia", "Herencia\Herencia.csproj", "{6F274A95-A6BC-4866-8EF4-E8A47DB588E9}"
EndProject
Global
	GlobalSection(SolutionConfigurationPlatforms) = preSolution
		Debug|Any CPU = Debug|Any CPU
		Release|Any CPU = Release|Any CPU
	EndGlobalSection
	GlobalSection(ProjectConfigurationPlatforms) = postSolution
		{6F274A95-A6BC-4866-8EF4-E8A47DB588E9}.Debug|Any CPU.ActiveCfg = Debug|Any CPU
		{6F274A95-A6BC-4866-8EF4-E8A47DB588E9}.Debug|Any CPU.Build.0 = Debug|Any CPU
		{6F274A95-A6BC-4866-8EF4-E8A47DB588E9}.Release|Any CPU.ActiveCfg = Release|Any CPU
		{6F274A95-A6BC-4866-8EF4-E8A47DB588E9}.Release|Any CPU.Build.0 = Release|Any CPU
	EndGlobalSection
	GlobalSection(SolutionProperties) = preSolution
		HideSolutionNode = FALSE
	EndGlobalSection
	GlobalSection(ExtensibilityGlobals) = postSolution
		SolutionGuid = {F08961DC-E887-4DE4-9E99-EB28E97515F4}
	EndGlobalSection
EndGlobal
