
Microsoft Visual Studio Solution File, Format Version 12.00
# Visual Studio Version 17
VisualStudioVersion = 17.9.34723.18
MinimumVisualStudioVersion = 10.0.40219.1
Project("{FAE04EC0-301F-11D3-BF4B-00C04F79EFBC}") = "Polimorfismo", "Polimorfismo\Polimorfismo.csproj", "{90CF4B7D-8383-46E3-B09F-AEA30B6DD4B0}"
EndProject
Global
	GlobalSection(SolutionConfigurationPlatforms) = preSolution
		Debug|Any CPU = Debug|Any CPU
		Release|Any CPU = Release|Any CPU
	EndGlobalSection
	GlobalSection(ProjectConfigurationPlatforms) = postSolution
		{90CF4B7D-8383-46E3-B09F-AEA30B6DD4B0}.Debug|Any CPU.ActiveCfg = Debug|Any CPU
		{90CF4B7D-8383-46E3-B09F-AEA30B6DD4B0}.Debug|Any CPU.Build.0 = Debug|Any CPU
		{90CF4B7D-8383-46E3-B09F-AEA30B6DD4B0}.Release|Any CPU.ActiveCfg = Release|Any CPU
		{90CF4B7D-8383-46E3-B09F-AEA30B6DD4B0}.Release|Any CPU.Build.0 = Release|Any CPU
	EndGlobalSection
	GlobalSection(SolutionProperties) = preSolution
		HideSolutionNode = FALSE
	EndGlobalSection
	GlobalSection(ExtensibilityGlobals) = postSolution
		SolutionGuid = {E5B61E60-EAD9-48AC-821F-4A7374F87F0A}
	EndGlobalSection
EndGlobal
